
Microsoft Visual Studio Solution File, Format Version 12.00
# Visual Studio Version 17
VisualStudioVersion = 17.0.32014.148
MinimumVisualStudioVersion = 10.0.40219.1
Project("{9A19103F-16F7-4668-BE54-9A1E7A4F7556}") = "pagmoSharp", "pagmoSharp\pagmoSharp.csproj", "{DB41C8FC-D22C-4EC4-9587-44501C46F51C}"
EndProject
Project("{8BC9CEB8-8B4A-11D0-8D11-00A0C91BC942}") = "pagmoWrapper", "pagmoWrapper\pagmoWrapper.vcxproj", "{CBFA773C-440B-419F-BCCC-2EEEF4D70FCD}"
EndProject
Project("{2150E333-8FDC-42A3-9474-1A3956D46DE8}") = "Tests", "Tests", "{1A155C49-E42F-4439-8ADD-BE99C6722010}"
EndProject
Project("{9A19103F-16F7-4668-BE54-9A1E7A4F7556}") = "Tests.PagmoSharp", "Tests\Tests.PagmoSharp\Tests.PagmoSharp.csproj", "{70868648-EC7C-444D-993F-4345E8AE5D6A}"
EndProject
Project("{2150E333-8FDC-42A3-9474-1A3956D46DE8}") = "Solution Items", "Solution Items", "{5AEB5DAB-1DED-43AF-B4B0-7356C8DB7073}"
	ProjectSection(SolutionItems) = preProject
		createSwigWrappersAndPlaceThem.bat = createSwigWrappersAndPlaceThem.bat
		swigInterfaceFileAndPagmoHeaders\pagmoSharpSwigInterface.i = swigInterfaceFileAndPagmoHeaders\pagmoSharpSwigInterface.i
	EndProjectSection
EndProject
Project("{2150E333-8FDC-42A3-9474-1A3956D46DE8}") = "swigInterfaceFiles", "swigInterfaceFiles", "{A7AC40B5-9B9B-4479-8803-8FD7E4DAF3CF}"
	ProjectSection(SolutionItems) = preProject
		swigInterfaceFileAndPagmoHeaders\swigInterfaceFiles\algorithm.i = swigInterfaceFileAndPagmoHeaders\swigInterfaceFiles\algorithm.i
		swigInterfaceFileAndPagmoHeaders\swigInterfaceFiles\archipelago.i = swigInterfaceFileAndPagmoHeaders\swigInterfaceFiles\archipelago.i
		swigInterfaceFileAndPagmoHeaders\swigInterfaceFiles\bfe.i = swigInterfaceFileAndPagmoHeaders\swigInterfaceFiles\bfe.i
		swigInterfaceFileAndPagmoHeaders\swigInterfaceFiles\exceptions.i = swigInterfaceFileAndPagmoHeaders\swigInterfaceFiles\exceptions.i
		swigInterfaceFileAndPagmoHeaders\swigInterfaceFiles\island.i = swigInterfaceFileAndPagmoHeaders\swigInterfaceFiles\island.i
		swigInterfaceFileAndPagmoHeaders\swigInterfaceFiles\population.i = swigInterfaceFileAndPagmoHeaders\swigInterfaceFiles\population.i
		swigInterfaceFileAndPagmoHeaders\swigInterfaceFiles\rng.i = swigInterfaceFileAndPagmoHeaders\swigInterfaceFiles\rng.i
		swigInterfaceFileAndPagmoHeaders\swigInterfaceFiles\topology.i = swigInterfaceFileAndPagmoHeaders\swigInterfaceFiles\topology.i
	EndProjectSection
EndProject
Project("{2150E333-8FDC-42A3-9474-1A3956D46DE8}") = "problems", "problems", "{690793CC-5507-4215-BCF6-1658345CC72B}"
	ProjectSection(SolutionItems) = preProject
		swigInterfaceFileAndPagmoHeaders\swigInterfaceFiles\problems\golomb_ruler.i = swigInterfaceFileAndPagmoHeaders\swigInterfaceFiles\problems\golomb_ruler.i
	EndProjectSection
EndProject
Project("{2150E333-8FDC-42A3-9474-1A3956D46DE8}") = "algorithms", "algorithms", "{0E707295-FF3A-4ABF-8077-DFF552602EAD}"
	ProjectSection(SolutionItems) = preProject
		swigInterfaceFileAndPagmoHeaders\swigInterfaceFiles\algorithms\bee_colony.i = swigInterfaceFileAndPagmoHeaders\swigInterfaceFiles\algorithms\bee_colony.i
		swigInterfaceFileAndPagmoHeaders\swigInterfaceFiles\algorithms\de.i = swigInterfaceFileAndPagmoHeaders\swigInterfaceFiles\algorithms\de.i
		swigInterfaceFileAndPagmoHeaders\swigInterfaceFiles\algorithms\de1220.i = swigInterfaceFileAndPagmoHeaders\swigInterfaceFiles\algorithms\de1220.i
		swigInterfaceFileAndPagmoHeaders\swigInterfaceFiles\algorithms\gaco.i = swigInterfaceFileAndPagmoHeaders\swigInterfaceFiles\algorithms\gaco.i
		swigInterfaceFileAndPagmoHeaders\swigInterfaceFiles\algorithms\gwo.i = swigInterfaceFileAndPagmoHeaders\swigInterfaceFiles\algorithms\gwo.i
		swigInterfaceFileAndPagmoHeaders\swigInterfaceFiles\algorithms\nlopt.i = swigInterfaceFileAndPagmoHeaders\swigInterfaceFiles\algorithms\nlopt.i
		swigInterfaceFileAndPagmoHeaders\swigInterfaceFiles\algorithms\pso.i = swigInterfaceFileAndPagmoHeaders\swigInterfaceFiles\algorithms\pso.i
		swigInterfaceFileAndPagmoHeaders\swigInterfaceFiles\algorithms\sade.i = swigInterfaceFileAndPagmoHeaders\swigInterfaceFiles\algorithms\sade.i
		swigInterfaceFileAndPagmoHeaders\swigInterfaceFiles\algorithms\simulated_annealing.i = swigInterfaceFileAndPagmoHeaders\swigInterfaceFiles\algorithms\simulated_annealing.i
	EndProjectSection
EndProject
Project("{2150E333-8FDC-42A3-9474-1A3956D46DE8}") = "utils", "utils", "{A789B01C-7696-42B9-B8F4-9129FDAB4294}"
	ProjectSection(SolutionItems) = preProject
		swigInterfaceFileAndPagmoHeaders\swigInterfaceFiles\utils\hypervolume.i = swigInterfaceFileAndPagmoHeaders\swigInterfaceFiles\utils\hypervolume.i
	EndProjectSection
EndProject
Project("{2150E333-8FDC-42A3-9474-1A3956D46DE8}") = "hv_algos", "hv_algos", "{55CC7DC4-992C-4E06-A474-E96C683765EE}"
	ProjectSection(SolutionItems) = preProject
		swigInterfaceFileAndPagmoHeaders\swigInterfaceFiles\utils\hv_algos\hv_algorithm.i = swigInterfaceFileAndPagmoHeaders\swigInterfaceFiles\utils\hv_algos\hv_algorithm.i
	EndProjectSection
EndProject
Project("{2150E333-8FDC-42A3-9474-1A3956D46DE8}") = "batch_evaluators", "batch_evaluators", "{1EDCDCC7-892B-4D84-A9A8-75DE71DC8EB1}"
	ProjectSection(SolutionItems) = preProject
		swigInterfaceFileAndPagmoHeaders\swigInterfaceFiles\batch_evaluators\default_bfe.i = swigInterfaceFileAndPagmoHeaders\swigInterfaceFiles\batch_evaluators\default_bfe.i
		swigInterfaceFileAndPagmoHeaders\swigInterfaceFiles\batch_evaluators\member_bfe.i = swigInterfaceFileAndPagmoHeaders\swigInterfaceFiles\batch_evaluators\member_bfe.i
		swigInterfaceFileAndPagmoHeaders\swigInterfaceFiles\batch_evaluators\thread_bfe.i = swigInterfaceFileAndPagmoHeaders\swigInterfaceFiles\batch_evaluators\thread_bfe.i
	EndProjectSection
EndProject
Global
	GlobalSection(SolutionConfigurationPlatforms) = preSolution
		Debug|Any CPU = Debug|Any CPU
		Debug|x64 = Debug|x64
		Debug|x86 = Debug|x86
		Release|Any CPU = Release|Any CPU
		Release|x64 = Release|x64
		Release|x86 = Release|x86
	EndGlobalSection
	GlobalSection(ProjectConfigurationPlatforms) = postSolution
		{DB41C8FC-D22C-4EC4-9587-44501C46F51C}.Debug|Any CPU.ActiveCfg = Debug|Any CPU
		{DB41C8FC-D22C-4EC4-9587-44501C46F51C}.Debug|Any CPU.Build.0 = Debug|Any CPU
		{DB41C8FC-D22C-4EC4-9587-44501C46F51C}.Debug|x64.ActiveCfg = Debug|x64
		{DB41C8FC-D22C-4EC4-9587-44501C46F51C}.Debug|x64.Build.0 = Debug|x64
		{DB41C8FC-D22C-4EC4-9587-44501C46F51C}.Debug|x86.ActiveCfg = Debug|Any CPU
		{DB41C8FC-D22C-4EC4-9587-44501C46F51C}.Debug|x86.Build.0 = Debug|Any CPU
		{DB41C8FC-D22C-4EC4-9587-44501C46F51C}.Release|Any CPU.ActiveCfg = Release|Any CPU
		{DB41C8FC-D22C-4EC4-9587-44501C46F51C}.Release|Any CPU.Build.0 = Release|Any CPU
		{DB41C8FC-D22C-4EC4-9587-44501C46F51C}.Release|x64.ActiveCfg = Release|x64
		{DB41C8FC-D22C-4EC4-9587-44501C46F51C}.Release|x64.Build.0 = Release|x64
		{DB41C8FC-D22C-4EC4-9587-44501C46F51C}.Release|x86.ActiveCfg = Release|Any CPU
		{DB41C8FC-D22C-4EC4-9587-44501C46F51C}.Release|x86.Build.0 = Release|Any CPU
		{CBFA773C-440B-419F-BCCC-2EEEF4D70FCD}.Debug|Any CPU.ActiveCfg = Debug|Win32
		{CBFA773C-440B-419F-BCCC-2EEEF4D70FCD}.Debug|x64.ActiveCfg = Debug|x64
		{CBFA773C-440B-419F-BCCC-2EEEF4D70FCD}.Debug|x64.Build.0 = Debug|x64
		{CBFA773C-440B-419F-BCCC-2EEEF4D70FCD}.Debug|x86.ActiveCfg = Debug|Win32
		{CBFA773C-440B-419F-BCCC-2EEEF4D70FCD}.Debug|x86.Build.0 = Debug|Win32
		{CBFA773C-440B-419F-BCCC-2EEEF4D70FCD}.Release|Any CPU.ActiveCfg = Release|Win32
		{CBFA773C-440B-419F-BCCC-2EEEF4D70FCD}.Release|x64.ActiveCfg = Release|x64
		{CBFA773C-440B-419F-BCCC-2EEEF4D70FCD}.Release|x64.Build.0 = Release|x64
		{CBFA773C-440B-419F-BCCC-2EEEF4D70FCD}.Release|x86.ActiveCfg = Release|Win32
		{CBFA773C-440B-419F-BCCC-2EEEF4D70FCD}.Release|x86.Build.0 = Release|Win32
		{70868648-EC7C-444D-993F-4345E8AE5D6A}.Debug|Any CPU.ActiveCfg = Debug|Any CPU
		{70868648-EC7C-444D-993F-4345E8AE5D6A}.Debug|Any CPU.Build.0 = Debug|Any CPU
		{70868648-EC7C-444D-993F-4345E8AE5D6A}.Debug|x64.ActiveCfg = Debug|Any CPU
		{70868648-EC7C-444D-993F-4345E8AE5D6A}.Debug|x64.Build.0 = Debug|Any CPU
		{70868648-EC7C-444D-993F-4345E8AE5D6A}.Debug|x86.ActiveCfg = Debug|Any CPU
		{70868648-EC7C-444D-993F-4345E8AE5D6A}.Debug|x86.Build.0 = Debug|Any CPU
		{70868648-EC7C-444D-993F-4345E8AE5D6A}.Release|Any CPU.ActiveCfg = Release|Any CPU
		{70868648-EC7C-444D-993F-4345E8AE5D6A}.Release|Any CPU.Build.0 = Release|Any CPU
		{70868648-EC7C-444D-993F-4345E8AE5D6A}.Release|x64.ActiveCfg = Release|Any CPU
		{70868648-EC7C-444D-993F-4345E8AE5D6A}.Release|x64.Build.0 = Release|Any CPU
		{70868648-EC7C-444D-993F-4345E8AE5D6A}.Release|x86.ActiveCfg = Release|Any CPU
		{70868648-EC7C-444D-993F-4345E8AE5D6A}.Release|x86.Build.0 = Release|Any CPU
	EndGlobalSection
	GlobalSection(SolutionProperties) = preSolution
		HideSolutionNode = FALSE
	EndGlobalSection
	GlobalSection(NestedProjects) = preSolution
		{70868648-EC7C-444D-993F-4345E8AE5D6A} = {1A155C49-E42F-4439-8ADD-BE99C6722010}
		{A7AC40B5-9B9B-4479-8803-8FD7E4DAF3CF} = {5AEB5DAB-1DED-43AF-B4B0-7356C8DB7073}
		{690793CC-5507-4215-BCF6-1658345CC72B} = {A7AC40B5-9B9B-4479-8803-8FD7E4DAF3CF}
		{0E707295-FF3A-4ABF-8077-DFF552602EAD} = {A7AC40B5-9B9B-4479-8803-8FD7E4DAF3CF}
		{A789B01C-7696-42B9-B8F4-9129FDAB4294} = {A7AC40B5-9B9B-4479-8803-8FD7E4DAF3CF}
		{55CC7DC4-992C-4E06-A474-E96C683765EE} = {A789B01C-7696-42B9-B8F4-9129FDAB4294}
		{1EDCDCC7-892B-4D84-A9A8-75DE71DC8EB1} = {A7AC40B5-9B9B-4479-8803-8FD7E4DAF3CF}
	EndGlobalSection
	GlobalSection(ExtensibilityGlobals) = postSolution
		SolutionGuid = {DF00BAED-DDCF-4E13-8B6D-DE3CB12C863B}
	EndGlobalSection
EndGlobal
