
Microsoft Visual Studio Solution File, Format Version 12.00
# Visual Studio Version 17
VisualStudioVersion = 17.0.32014.148
MinimumVisualStudioVersion = 10.0.40219.1
Project("{9A19103F-16F7-4668-BE54-9A1E7A4F7556}") = "pagmoSharp", "pagmoSharp\pagmoSharp.csproj", "{DB41C8FC-D22C-4EC4-9587-44501C46F51C}"
EndProject
Project("{8BC9CEB8-8B4A-11D0-8D11-00A0C91BC942}") = "pagmoWrapper", "pagmoWrapper\pagmoWrapper.vcxproj", "{CBFA773C-440B-419F-BCCC-2EEEF4D70FCD}"
EndProject
Project("{2150E333-8FDC-42A3-9474-1A3956D46DE8}") = "Tests", "Tests", "{1A155C49-E42F-4439-8ADD-BE99C6722010}"
EndProject
Project("{9A19103F-16F7-4668-BE54-9A1E7A4F7556}") = "Tests.PagmoSharp", "Tests\Tests.PagmoSharp\Tests.PagmoSharp.csproj", "{70868648-EC7C-444D-993F-4345E8AE5D6A}"
EndProject
Project("{2150E333-8FDC-42A3-9474-1A3956D46DE8}") = "Solution Items", "Solution Items", "{5AEB5DAB-1DED-43AF-B4B0-7356C8DB7073}"
	ProjectSection(SolutionItems) = preProject
		createSwigWrappersAndPlaceThem.bat = createSwigWrappersAndPlaceThem.bat
		swigInterfaceFileAndPagmoHeaders\pagmoSharpSwigInterface.i = swigInterfaceFileAndPagmoHeaders\pagmoSharpSwigInterface.i
	EndProjectSection
EndProject
Project("{2150E333-8FDC-42A3-9474-1A3956D46DE8}") = "swigInterfaceFiles", "swigInterfaceFiles", "{A7AC40B5-9B9B-4479-8803-8FD7E4DAF3CF}"
	ProjectSection(SolutionItems) = preProject
		swigInterfaceFileAndPagmoHeaders\swigInterfaceFiles\algorithm.i = swigInterfaceFileAndPagmoHeaders\swigInterfaceFiles\algorithm.i
		swigInterfaceFileAndPagmoHeaders\swigInterfaceFiles\archipelago.i = swigInterfaceFileAndPagmoHeaders\swigInterfaceFiles\archipelago.i
		swigInterfaceFileAndPagmoHeaders\swigInterfaceFiles\bfe.i = swigInterfaceFileAndPagmoHeaders\swigInterfaceFiles\bfe.i
		swigInterfaceFileAndPagmoHeaders\swigInterfaceFiles\exceptions.i = swigInterfaceFileAndPagmoHeaders\swigInterfaceFiles\exceptions.i
		swigInterfaceFileAndPagmoHeaders\swigInterfaceFiles\io.i = swigInterfaceFileAndPagmoHeaders\swigInterfaceFiles\io.i
		swigInterfaceFileAndPagmoHeaders\swigInterfaceFiles\island.i = swigInterfaceFileAndPagmoHeaders\swigInterfaceFiles\island.i
		swigInterfaceFileAndPagmoHeaders\swigInterfaceFiles\population.i = swigInterfaceFileAndPagmoHeaders\swigInterfaceFiles\population.i
		swigInterfaceFileAndPagmoHeaders\swigInterfaceFiles\rng.i = swigInterfaceFileAndPagmoHeaders\swigInterfaceFiles\rng.i
		swigInterfaceFileAndPagmoHeaders\swigInterfaceFiles\r_policy.i = swigInterfaceFileAndPagmoHeaders\swigInterfaceFiles\r_policy.i
		swigInterfaceFileAndPagmoHeaders\swigInterfaceFiles\topology.i = swigInterfaceFileAndPagmoHeaders\swigInterfaceFiles\topology.i
		swigInterfaceFileAndPagmoHeaders\swigInterfaceFiles\tuple.i = swigInterfaceFileAndPagmoHeaders\swigInterfaceFiles\tuple.i
	EndProjectSection
EndProject
Project("{2150E333-8FDC-42A3-9474-1A3956D46DE8}") = "problems", "problems", "{690793CC-5507-4215-BCF6-1658345CC72B}"
	ProjectSection(SolutionItems) = preProject
		swigInterfaceFileAndPagmoHeaders\swigInterfaceFiles\problems\ackley.i = swigInterfaceFileAndPagmoHeaders\swigInterfaceFiles\problems\ackley.i
		swigInterfaceFileAndPagmoHeaders\swigInterfaceFiles\problems\cec2006.i = swigInterfaceFileAndPagmoHeaders\swigInterfaceFiles\problems\cec2006.i
		swigInterfaceFileAndPagmoHeaders\swigInterfaceFiles\problems\golomb_ruler.i = swigInterfaceFileAndPagmoHeaders\swigInterfaceFiles\problems\golomb_ruler.i
		swigInterfaceFileAndPagmoHeaders\swigInterfaceFiles\problems\inventory.i = swigInterfaceFileAndPagmoHeaders\swigInterfaceFiles\problems\inventory.i
		swigInterfaceFileAndPagmoHeaders\swigInterfaceFiles\problems\minlp_rastrigin.i = swigInterfaceFileAndPagmoHeaders\swigInterfaceFiles\problems\minlp_rastrigin.i
		swigInterfaceFileAndPagmoHeaders\swigInterfaceFiles\problems\zdt.i = swigInterfaceFileAndPagmoHeaders\swigInterfaceFiles\problems\zdt.i
	EndProjectSection
EndProject
Project("{2150E333-8FDC-42A3-9474-1A3956D46DE8}") = "algorithms", "algorithms", "{0E707295-FF3A-4ABF-8077-DFF552602EAD}"
	ProjectSection(SolutionItems) = preProject
		swigInterfaceFileAndPagmoHeaders\swigInterfaceFiles\algorithms\bee_colony.i = swigInterfaceFileAndPagmoHeaders\swigInterfaceFiles\algorithms\bee_colony.i
		swigInterfaceFileAndPagmoHeaders\swigInterfaceFiles\algorithms\cmaes.i = swigInterfaceFileAndPagmoHeaders\swigInterfaceFiles\algorithms\cmaes.i
		swigInterfaceFileAndPagmoHeaders\swigInterfaceFiles\algorithms\compass_search.i = swigInterfaceFileAndPagmoHeaders\swigInterfaceFiles\algorithms\compass_search.i
		swigInterfaceFileAndPagmoHeaders\swigInterfaceFiles\algorithms\de.i = swigInterfaceFileAndPagmoHeaders\swigInterfaceFiles\algorithms\de.i
		swigInterfaceFileAndPagmoHeaders\swigInterfaceFiles\algorithms\de1220.i = swigInterfaceFileAndPagmoHeaders\swigInterfaceFiles\algorithms\de1220.i
		swigInterfaceFileAndPagmoHeaders\swigInterfaceFiles\algorithms\gaco.i = swigInterfaceFileAndPagmoHeaders\swigInterfaceFiles\algorithms\gaco.i
		swigInterfaceFileAndPagmoHeaders\swigInterfaceFiles\algorithms\gwo.i = swigInterfaceFileAndPagmoHeaders\swigInterfaceFiles\algorithms\gwo.i
		swigInterfaceFileAndPagmoHeaders\swigInterfaceFiles\algorithms\ipopt.i = swigInterfaceFileAndPagmoHeaders\swigInterfaceFiles\algorithms\ipopt.i
		swigInterfaceFileAndPagmoHeaders\swigInterfaceFiles\algorithms\nlopt.i = swigInterfaceFileAndPagmoHeaders\swigInterfaceFiles\algorithms\nlopt.i
		swigInterfaceFileAndPagmoHeaders\swigInterfaceFiles\algorithms\nspso.i = swigInterfaceFileAndPagmoHeaders\swigInterfaceFiles\algorithms\nspso.i
		swigInterfaceFileAndPagmoHeaders\swigInterfaceFiles\algorithms\pso.i = swigInterfaceFileAndPagmoHeaders\swigInterfaceFiles\algorithms\pso.i
		swigInterfaceFileAndPagmoHeaders\swigInterfaceFiles\algorithms\pso_gen.i = swigInterfaceFileAndPagmoHeaders\swigInterfaceFiles\algorithms\pso_gen.i
		swigInterfaceFileAndPagmoHeaders\swigInterfaceFiles\algorithms\sade.i = swigInterfaceFileAndPagmoHeaders\swigInterfaceFiles\algorithms\sade.i
		swigInterfaceFileAndPagmoHeaders\swigInterfaceFiles\algorithms\sea.i = swigInterfaceFileAndPagmoHeaders\swigInterfaceFiles\algorithms\sea.i
		swigInterfaceFileAndPagmoHeaders\swigInterfaceFiles\algorithms\sga.i = swigInterfaceFileAndPagmoHeaders\swigInterfaceFiles\algorithms\sga.i
		swigInterfaceFileAndPagmoHeaders\swigInterfaceFiles\algorithms\simulated_annealing.i = swigInterfaceFileAndPagmoHeaders\swigInterfaceFiles\algorithms\simulated_annealing.i
		swigInterfaceFileAndPagmoHeaders\swigInterfaceFiles\algorithms\xnes.i = swigInterfaceFileAndPagmoHeaders\swigInterfaceFiles\algorithms\xnes.i
	EndProjectSection
EndProject
Project("{2150E333-8FDC-42A3-9474-1A3956D46DE8}") = "utils", "utils", "{A789B01C-7696-42B9-B8F4-9129FDAB4294}"
	ProjectSection(SolutionItems) = preProject
		swigInterfaceFileAndPagmoHeaders\swigInterfaceFiles\utils\gradients_and_hessians.i = swigInterfaceFileAndPagmoHeaders\swigInterfaceFiles\utils\gradients_and_hessians.i
		swigInterfaceFileAndPagmoHeaders\swigInterfaceFiles\utils\hypervolume.i = swigInterfaceFileAndPagmoHeaders\swigInterfaceFiles\utils\hypervolume.i
		swigInterfaceFileAndPagmoHeaders\swigInterfaceFiles\utils\multi_objective.i = swigInterfaceFileAndPagmoHeaders\swigInterfaceFiles\utils\multi_objective.i
	EndProjectSection
EndProject
Project("{2150E333-8FDC-42A3-9474-1A3956D46DE8}") = "hv_algos", "hv_algos", "{55CC7DC4-992C-4E06-A474-E96C683765EE}"
	ProjectSection(SolutionItems) = preProject
		swigInterfaceFileAndPagmoHeaders\swigInterfaceFiles\utils\hv_algos\hv_algorithm.i = swigInterfaceFileAndPagmoHeaders\swigInterfaceFiles\utils\hv_algos\hv_algorithm.i
	EndProjectSection
EndProject
Project("{2150E333-8FDC-42A3-9474-1A3956D46DE8}") = "batch_evaluators", "batch_evaluators", "{1EDCDCC7-892B-4D84-A9A8-75DE71DC8EB1}"
	ProjectSection(SolutionItems) = preProject
		swigInterfaceFileAndPagmoHeaders\swigInterfaceFiles\batch_evaluators\default_bfe.i = swigInterfaceFileAndPagmoHeaders\swigInterfaceFiles\batch_evaluators\default_bfe.i
		swigInterfaceFileAndPagmoHeaders\swigInterfaceFiles\batch_evaluators\member_bfe.i = swigInterfaceFileAndPagmoHeaders\swigInterfaceFiles\batch_evaluators\member_bfe.i
		swigInterfaceFileAndPagmoHeaders\swigInterfaceFiles\batch_evaluators\thread_bfe.i = swigInterfaceFileAndPagmoHeaders\swigInterfaceFiles\batch_evaluators\thread_bfe.i
	EndProjectSection
EndProject
Project("{2150E333-8FDC-42A3-9474-1A3956D46DE8}") = "islands", "islands", "{50CC2211-849B-4FB5-8A87-448B94EDC722}"
	ProjectSection(SolutionItems) = preProject
		swigInterfaceFileAndPagmoHeaders\swigInterfaceFiles\islands\fork_island.i = swigInterfaceFileAndPagmoHeaders\swigInterfaceFiles\islands\fork_island.i
		swigInterfaceFileAndPagmoHeaders\swigInterfaceFiles\islands\thread_island.i = swigInterfaceFileAndPagmoHeaders\swigInterfaceFiles\islands\thread_island.i
	EndProjectSection
EndProject
Project("{2150E333-8FDC-42A3-9474-1A3956D46DE8}") = "r_policies", "r_policies", "{19619306-8F50-41C9-BCBD-1A4D45995DAF}"
	ProjectSection(SolutionItems) = preProject
		swigInterfaceFileAndPagmoHeaders\swigInterfaceFiles\r_policies\fair_replace.i = swigInterfaceFileAndPagmoHeaders\swigInterfaceFiles\r_policies\fair_replace.i
	EndProjectSection
EndProject
Project("{2150E333-8FDC-42A3-9474-1A3956D46DE8}") = "s_policies", "s_policies", "{668E298E-FE7D-4BC8-8187-30AE2CE23F83}"
	ProjectSection(SolutionItems) = preProject
		swigInterfaceFileAndPagmoHeaders\swigInterfaceFiles\s_policies\select_best.i = swigInterfaceFileAndPagmoHeaders\swigInterfaceFiles\s_policies\select_best.i
	EndProjectSection
EndProject
Project("{2150E333-8FDC-42A3-9474-1A3956D46DE8}") = "detail", "detail", "{720EB227-97B9-4311-9FFF-D7AE5716BE4A}"
	ProjectSection(SolutionItems) = preProject
		swigInterfaceFileAndPagmoHeaders\swigInterfaceFiles\detail\base_sr_policy.i = swigInterfaceFileAndPagmoHeaders\swigInterfaceFiles\detail\base_sr_policy.i
	EndProjectSection
EndProject
Global
	GlobalSection(SolutionConfigurationPlatforms) = preSolution
		Debug|x64 = Debug|x64
		Debug|x86 = Debug|x86
		Release|x64 = Release|x64
		Release|x86 = Release|x86
	EndGlobalSection
	GlobalSection(ProjectConfigurationPlatforms) = postSolution
		{DB41C8FC-D22C-4EC4-9587-44501C46F51C}.Debug|x64.ActiveCfg = Debug|x64
		{DB41C8FC-D22C-4EC4-9587-44501C46F51C}.Debug|x64.Build.0 = Debug|x64
		{DB41C8FC-D22C-4EC4-9587-44501C46F51C}.Debug|x86.ActiveCfg = Debug|Any CPU
		{DB41C8FC-D22C-4EC4-9587-44501C46F51C}.Debug|x86.Build.0 = Debug|Any CPU
		{DB41C8FC-D22C-4EC4-9587-44501C46F51C}.Release|x64.ActiveCfg = Release|x64
		{DB41C8FC-D22C-4EC4-9587-44501C46F51C}.Release|x64.Build.0 = Release|x64
		{DB41C8FC-D22C-4EC4-9587-44501C46F51C}.Release|x86.ActiveCfg = Release|Any CPU
		{DB41C8FC-D22C-4EC4-9587-44501C46F51C}.Release|x86.Build.0 = Release|Any CPU
		{CBFA773C-440B-419F-BCCC-2EEEF4D70FCD}.Debug|x64.ActiveCfg = Debug|x64
		{CBFA773C-440B-419F-BCCC-2EEEF4D70FCD}.Debug|x64.Build.0 = Debug|x64
		{CBFA773C-440B-419F-BCCC-2EEEF4D70FCD}.Debug|x86.ActiveCfg = Debug|Win32
		{CBFA773C-440B-419F-BCCC-2EEEF4D70FCD}.Debug|x86.Build.0 = Debug|Win32
		{CBFA773C-440B-419F-BCCC-2EEEF4D70FCD}.Release|x64.ActiveCfg = Release|x64
		{CBFA773C-440B-419F-BCCC-2EEEF4D70FCD}.Release|x64.Build.0 = Release|x64
		{CBFA773C-440B-419F-BCCC-2EEEF4D70FCD}.Release|x86.ActiveCfg = Release|Win32
		{CBFA773C-440B-419F-BCCC-2EEEF4D70FCD}.Release|x86.Build.0 = Release|Win32
		{70868648-EC7C-444D-993F-4345E8AE5D6A}.Debug|x64.ActiveCfg = Debug|x64
		{70868648-EC7C-444D-993F-4345E8AE5D6A}.Debug|x64.Build.0 = Debug|x64
		{70868648-EC7C-444D-993F-4345E8AE5D6A}.Debug|x86.ActiveCfg = Debug|Any CPU
		{70868648-EC7C-444D-993F-4345E8AE5D6A}.Debug|x86.Build.0 = Debug|Any CPU
		{70868648-EC7C-444D-993F-4345E8AE5D6A}.Release|x64.ActiveCfg = Release|x64
		{70868648-EC7C-444D-993F-4345E8AE5D6A}.Release|x64.Build.0 = Release|x64
		{70868648-EC7C-444D-993F-4345E8AE5D6A}.Release|x86.ActiveCfg = Release|Any CPU
		{70868648-EC7C-444D-993F-4345E8AE5D6A}.Release|x86.Build.0 = Release|Any CPU
	EndGlobalSection
	GlobalSection(SolutionProperties) = preSolution
		HideSolutionNode = FALSE
	EndGlobalSection
	GlobalSection(NestedProjects) = preSolution
		{70868648-EC7C-444D-993F-4345E8AE5D6A} = {1A155C49-E42F-4439-8ADD-BE99C6722010}
		{A7AC40B5-9B9B-4479-8803-8FD7E4DAF3CF} = {5AEB5DAB-1DED-43AF-B4B0-7356C8DB7073}
		{690793CC-5507-4215-BCF6-1658345CC72B} = {A7AC40B5-9B9B-4479-8803-8FD7E4DAF3CF}
		{0E707295-FF3A-4ABF-8077-DFF552602EAD} = {A7AC40B5-9B9B-4479-8803-8FD7E4DAF3CF}
		{A789B01C-7696-42B9-B8F4-9129FDAB4294} = {A7AC40B5-9B9B-4479-8803-8FD7E4DAF3CF}
		{55CC7DC4-992C-4E06-A474-E96C683765EE} = {A789B01C-7696-42B9-B8F4-9129FDAB4294}
		{1EDCDCC7-892B-4D84-A9A8-75DE71DC8EB1} = {A7AC40B5-9B9B-4479-8803-8FD7E4DAF3CF}
		{50CC2211-849B-4FB5-8A87-448B94EDC722} = {A7AC40B5-9B9B-4479-8803-8FD7E4DAF3CF}
		{19619306-8F50-41C9-BCBD-1A4D45995DAF} = {A7AC40B5-9B9B-4479-8803-8FD7E4DAF3CF}
		{668E298E-FE7D-4BC8-8187-30AE2CE23F83} = {A7AC40B5-9B9B-4479-8803-8FD7E4DAF3CF}
		{720EB227-97B9-4311-9FFF-D7AE5716BE4A} = {A7AC40B5-9B9B-4479-8803-8FD7E4DAF3CF}
	EndGlobalSection
	GlobalSection(ExtensibilityGlobals) = postSolution
		SolutionGuid = {DF00BAED-DDCF-4E13-8B6D-DE3CB12C863B}
	EndGlobalSection
EndGlobal
